
Microsoft Visual Studio Solution File, Format Version 12.00
# Visual Studio Version 17
VisualStudioVersion = 17.9.34728.123
MinimumVisualStudioVersion = 10.0.40219.1
Project("{FAE04EC0-301F-11D3-BF4B-00C04F79EFBC}") = "TaskManagementSystem.Server", "TaskManagementSystem.Server\TaskManagementSystem.Server.csproj", "{C078F1EE-4734-439C-8F93-37DF52017216}"
EndProject
Project("{54A90642-561A-4BB1-A94E-469ADEE60C69}") = "taskmanagementsystem.client", "taskmanagementsystem.client\taskmanagementsystem.client.esproj", "{3EAAA284-9BA4-4EFC-A89F-66A677BD58AD}"
EndProject
Global
	GlobalSection(SolutionConfigurationPlatforms) = preSolution
		Debug|Any CPU = Debug|Any CPU
		Release|Any CPU = Release|Any CPU
	EndGlobalSection
	GlobalSection(ProjectConfigurationPlatforms) = postSolution
		{C078F1EE-4734-439C-8F93-37DF52017216}.Debug|Any CPU.ActiveCfg = Debug|Any CPU
		{C078F1EE-4734-439C-8F93-37DF52017216}.Debug|Any CPU.Build.0 = Debug|Any CPU
		{C078F1EE-4734-439C-8F93-37DF52017216}.Release|Any CPU.ActiveCfg = Release|Any CPU
		{C078F1EE-4734-439C-8F93-37DF52017216}.Release|Any CPU.Build.0 = Release|Any CPU
		{3EAAA284-9BA4-4EFC-A89F-66A677BD58AD}.Debug|Any CPU.ActiveCfg = Debug|Any CPU
		{3EAAA284-9BA4-4EFC-A89F-66A677BD58AD}.Debug|Any CPU.Build.0 = Debug|Any CPU
		{3EAAA284-9BA4-4EFC-A89F-66A677BD58AD}.Debug|Any CPU.Deploy.0 = Debug|Any CPU
		{3EAAA284-9BA4-4EFC-A89F-66A677BD58AD}.Release|Any CPU.ActiveCfg = Release|Any CPU
		{3EAAA284-9BA4-4EFC-A89F-66A677BD58AD}.Release|Any CPU.Build.0 = Release|Any CPU
		{3EAAA284-9BA4-4EFC-A89F-66A677BD58AD}.Release|Any CPU.Deploy.0 = Release|Any CPU
	EndGlobalSection
	GlobalSection(SolutionProperties) = preSolution
		HideSolutionNode = FALSE
	EndGlobalSection
	GlobalSection(ExtensibilityGlobals) = postSolution
		SolutionGuid = {FA599253-3B73-44AF-B8B6-1524048B9894}
	EndGlobalSection
EndGlobal
